
Microsoft Visual Studio Solution File, Format Version 12.00
# Visual Studio Version 16
VisualStudioVersion = 16.0.31613.86
MinimumVisualStudioVersion = 10.0.40219.1
Project("{9A19103F-16F7-4668-BE54-9A1E7A4F7556}") = "Minesweeper", "Minesweeper\Minesweeper.csproj", "{EADBE9B5-6AF1-48EE-88C4-4EB8004536DF}"
EndProject
Project("{FAE04EC0-301F-11D3-BF4B-00C04F79EFBC}") = "MinesweeperTests", "MinesweeperTests\MinesweeperTests.csproj", "{7883A1BD-7D0D-47F5-8DF1-98D8F37D4482}"
EndProject
Global
	GlobalSection(SolutionConfigurationPlatforms) = preSolution
		Debug|Any CPU = Debug|Any CPU
		Release|Any CPU = Release|Any CPU
	EndGlobalSection
	GlobalSection(ProjectConfigurationPlatforms) = postSolution
		{EADBE9B5-6AF1-48EE-88C4-4EB8004536DF}.Debug|Any CPU.ActiveCfg = Debug|Any CPU
		{EADBE9B5-6AF1-48EE-88C4-4EB8004536DF}.Debug|Any CPU.Build.0 = Debug|Any CPU
		{EADBE9B5-6AF1-48EE-88C4-4EB8004536DF}.Release|Any CPU.ActiveCfg = Release|Any CPU
		{EADBE9B5-6AF1-48EE-88C4-4EB8004536DF}.Release|Any CPU.Build.0 = Release|Any CPU
		{7883A1BD-7D0D-47F5-8DF1-98D8F37D4482}.Debug|Any CPU.ActiveCfg = Debug|Any CPU
		{7883A1BD-7D0D-47F5-8DF1-98D8F37D4482}.Debug|Any CPU.Build.0 = Debug|Any CPU
		{7883A1BD-7D0D-47F5-8DF1-98D8F37D4482}.Release|Any CPU.ActiveCfg = Release|Any CPU
		{7883A1BD-7D0D-47F5-8DF1-98D8F37D4482}.Release|Any CPU.Build.0 = Release|Any CPU
	EndGlobalSection
	GlobalSection(SolutionProperties) = preSolution
		HideSolutionNode = FALSE
	EndGlobalSection
	GlobalSection(ExtensibilityGlobals) = postSolution
		SolutionGuid = {1292FCCF-C5B8-4EEC-8791-4EDCD411AD7F}
	EndGlobalSection
EndGlobal
